
Microsoft Visual Studio Solution File, Format Version 12.00
# Visual Studio Version 16
VisualStudioVersion = 16.0.31729.503
MinimumVisualStudioVersion = 10.0.40219.1
Project("{FAE04EC0-301F-11D3-BF4B-00C04F79EFBC}") = "catalog", "catalog.csproj", "{EB57619D-E093-45B1-AFCE-FA0262A31ABB}"
EndProject
Global
	GlobalSection(SolutionConfigurationPlatforms) = preSolution
		Debug|Any CPU = Debug|Any CPU
		Release|Any CPU = Release|Any CPU
	EndGlobalSection
	GlobalSection(ProjectConfigurationPlatforms) = postSolution
		{EB57619D-E093-45B1-AFCE-FA0262A31ABB}.Debug|Any CPU.ActiveCfg = Debug|Any CPU
		{EB57619D-E093-45B1-AFCE-FA0262A31ABB}.Debug|Any CPU.Build.0 = Debug|Any CPU
		{EB57619D-E093-45B1-AFCE-FA0262A31ABB}.Release|Any CPU.ActiveCfg = Release|Any CPU
		{EB57619D-E093-45B1-AFCE-FA0262A31ABB}.Release|Any CPU.Build.0 = Release|Any CPU
	EndGlobalSection
	GlobalSection(SolutionProperties) = preSolution
		HideSolutionNode = FALSE
	EndGlobalSection
	GlobalSection(ExtensibilityGlobals) = postSolution
		SolutionGuid = {CCE4029B-A511-468D-AE3D-D4BDC2D82131}
	EndGlobalSection
EndGlobal
